
Microsoft Visual Studio Solution File, Format Version 12.00
# Visual Studio Version 16
VisualStudioVersion = 16.0.30517.126
MinimumVisualStudioVersion = 10.0.40219.1
Project("{FAE04EC0-301F-11D3-BF4B-00C04F79EFBC}") = "logikai", "logikai\logikai.csproj", "{2862319B-2F0F-4C35-89F3-00D0768AD197}"
EndProject
Global
	GlobalSection(SolutionConfigurationPlatforms) = preSolution
		Debug|Any CPU = Debug|Any CPU
		Release|Any CPU = Release|Any CPU
	EndGlobalSection
	GlobalSection(ProjectConfigurationPlatforms) = postSolution
		{2862319B-2F0F-4C35-89F3-00D0768AD197}.Debug|Any CPU.ActiveCfg = Debug|Any CPU
		{2862319B-2F0F-4C35-89F3-00D0768AD197}.Debug|Any CPU.Build.0 = Debug|Any CPU
		{2862319B-2F0F-4C35-89F3-00D0768AD197}.Release|Any CPU.ActiveCfg = Release|Any CPU
		{2862319B-2F0F-4C35-89F3-00D0768AD197}.Release|Any CPU.Build.0 = Release|Any CPU
	EndGlobalSection
	GlobalSection(SolutionProperties) = preSolution
		HideSolutionNode = FALSE
	EndGlobalSection
	GlobalSection(ExtensibilityGlobals) = postSolution
		SolutionGuid = {DFCECEC5-3179-4020-8E2E-A099585BCF30}
	EndGlobalSection
EndGlobal
