
Microsoft Visual Studio Solution File, Format Version 12.00
# Visual Studio Version 16
VisualStudioVersion = 16.0.29905.134
MinimumVisualStudioVersion = 10.0.40219.1
Project("{FAE04EC0-301F-11D3-BF4B-00C04F79EFBC}") = "shakespeare", "shakespeare\shakespeare.csproj", "{37340906-9C33-42CF-97AB-C9CFB8A6AA03}"
EndProject
Global
	GlobalSection(SolutionConfigurationPlatforms) = preSolution
		Debug|Any CPU = Debug|Any CPU
		Release|Any CPU = Release|Any CPU
	EndGlobalSection
	GlobalSection(ProjectConfigurationPlatforms) = postSolution
		{37340906-9C33-42CF-97AB-C9CFB8A6AA03}.Debug|Any CPU.ActiveCfg = Debug|Any CPU
		{37340906-9C33-42CF-97AB-C9CFB8A6AA03}.Debug|Any CPU.Build.0 = Debug|Any CPU
		{37340906-9C33-42CF-97AB-C9CFB8A6AA03}.Release|Any CPU.ActiveCfg = Release|Any CPU
		{37340906-9C33-42CF-97AB-C9CFB8A6AA03}.Release|Any CPU.Build.0 = Release|Any CPU
	EndGlobalSection
	GlobalSection(SolutionProperties) = preSolution
		HideSolutionNode = FALSE
	EndGlobalSection
	GlobalSection(ExtensibilityGlobals) = postSolution
		SolutionGuid = {4A3AE5B7-373D-400F-BF7A-09D5FCDC5CE8}
	EndGlobalSection
EndGlobal
