
Microsoft Visual Studio Solution File, Format Version 12.00
# Visual Studio Version 16
VisualStudioVersion = 16.0.29905.134
MinimumVisualStudioVersion = 10.0.40219.1
Project("{FAE04EC0-301F-11D3-BF4B-00C04F79EFBC}") = "elnokok", "elnokok\elnokok.csproj", "{46F10EE3-E965-425A-AE5C-7196C7CF9787}"
EndProject
Global
	GlobalSection(SolutionConfigurationPlatforms) = preSolution
		Debug|Any CPU = Debug|Any CPU
		Release|Any CPU = Release|Any CPU
	EndGlobalSection
	GlobalSection(ProjectConfigurationPlatforms) = postSolution
		{46F10EE3-E965-425A-AE5C-7196C7CF9787}.Debug|Any CPU.ActiveCfg = Debug|Any CPU
		{46F10EE3-E965-425A-AE5C-7196C7CF9787}.Debug|Any CPU.Build.0 = Debug|Any CPU
		{46F10EE3-E965-425A-AE5C-7196C7CF9787}.Release|Any CPU.ActiveCfg = Release|Any CPU
		{46F10EE3-E965-425A-AE5C-7196C7CF9787}.Release|Any CPU.Build.0 = Release|Any CPU
	EndGlobalSection
	GlobalSection(SolutionProperties) = preSolution
		HideSolutionNode = FALSE
	EndGlobalSection
	GlobalSection(ExtensibilityGlobals) = postSolution
		SolutionGuid = {11AE91B1-5A7D-4909-A553-BCE81D16389C}
	EndGlobalSection
EndGlobal
