
Microsoft Visual Studio Solution File, Format Version 12.00
# Visual Studio Version 16
VisualStudioVersion = 16.0.29905.134
MinimumVisualStudioVersion = 10.0.40219.1
Project("{FAE04EC0-301F-11D3-BF4B-00C04F79EFBC}") = "cukraszdagui", "cukraszdagui\cukraszdagui.csproj", "{10FF726B-69A5-4D6C-945D-4A0B525DE35C}"
EndProject
Global
	GlobalSection(SolutionConfigurationPlatforms) = preSolution
		Debug|Any CPU = Debug|Any CPU
		Release|Any CPU = Release|Any CPU
	EndGlobalSection
	GlobalSection(ProjectConfigurationPlatforms) = postSolution
		{10FF726B-69A5-4D6C-945D-4A0B525DE35C}.Debug|Any CPU.ActiveCfg = Debug|Any CPU
		{10FF726B-69A5-4D6C-945D-4A0B525DE35C}.Debug|Any CPU.Build.0 = Debug|Any CPU
		{10FF726B-69A5-4D6C-945D-4A0B525DE35C}.Release|Any CPU.ActiveCfg = Release|Any CPU
		{10FF726B-69A5-4D6C-945D-4A0B525DE35C}.Release|Any CPU.Build.0 = Release|Any CPU
	EndGlobalSection
	GlobalSection(SolutionProperties) = preSolution
		HideSolutionNode = FALSE
	EndGlobalSection
	GlobalSection(ExtensibilityGlobals) = postSolution
		SolutionGuid = {C4050680-B483-4E1A-BF43-D2696B9E4259}
	EndGlobalSection
EndGlobal
