
Microsoft Visual Studio Solution File, Format Version 12.00
# Visual Studio Version 16
VisualStudioVersion = 16.0.30517.126
MinimumVisualStudioVersion = 10.0.40219.1
Project("{FAE04EC0-301F-11D3-BF4B-00C04F79EFBC}") = "Csempe", "Csempe\Csempe.csproj", "{769BE0DB-D882-4EF0-895C-58034E5F8C41}"
EndProject
Global
	GlobalSection(SolutionConfigurationPlatforms) = preSolution
		Debug|Any CPU = Debug|Any CPU
		Release|Any CPU = Release|Any CPU
	EndGlobalSection
	GlobalSection(ProjectConfigurationPlatforms) = postSolution
		{769BE0DB-D882-4EF0-895C-58034E5F8C41}.Debug|Any CPU.ActiveCfg = Debug|Any CPU
		{769BE0DB-D882-4EF0-895C-58034E5F8C41}.Debug|Any CPU.Build.0 = Debug|Any CPU
		{769BE0DB-D882-4EF0-895C-58034E5F8C41}.Release|Any CPU.ActiveCfg = Release|Any CPU
		{769BE0DB-D882-4EF0-895C-58034E5F8C41}.Release|Any CPU.Build.0 = Release|Any CPU
	EndGlobalSection
	GlobalSection(SolutionProperties) = preSolution
		HideSolutionNode = FALSE
	EndGlobalSection
	GlobalSection(ExtensibilityGlobals) = postSolution
		SolutionGuid = {137EBA66-29FD-4DF0-8E3F-8FB1B8E6C91C}
	EndGlobalSection
EndGlobal
