
Microsoft Visual Studio Solution File, Format Version 12.00
# Visual Studio 15
VisualStudioVersion = 15.0.28010.2046
MinimumVisualStudioVersion = 10.0.40219.1
Project("{FAE04EC0-301F-11D3-BF4B-00C04F79EFBC}") = "foldlegnagyobbtavai", "foldlegnagyobbtavai\foldlegnagyobbtavai.csproj", "{351C6850-2291-4E6B-9527-74E2936FD9DE}"
EndProject
Global
	GlobalSection(SolutionConfigurationPlatforms) = preSolution
		Debug|Any CPU = Debug|Any CPU
		Release|Any CPU = Release|Any CPU
	EndGlobalSection
	GlobalSection(ProjectConfigurationPlatforms) = postSolution
		{351C6850-2291-4E6B-9527-74E2936FD9DE}.Debug|Any CPU.ActiveCfg = Debug|Any CPU
		{351C6850-2291-4E6B-9527-74E2936FD9DE}.Debug|Any CPU.Build.0 = Debug|Any CPU
		{351C6850-2291-4E6B-9527-74E2936FD9DE}.Release|Any CPU.ActiveCfg = Release|Any CPU
		{351C6850-2291-4E6B-9527-74E2936FD9DE}.Release|Any CPU.Build.0 = Release|Any CPU
	EndGlobalSection
	GlobalSection(SolutionProperties) = preSolution
		HideSolutionNode = FALSE
	EndGlobalSection
	GlobalSection(ExtensibilityGlobals) = postSolution
		SolutionGuid = {3A2B188F-4CC5-4C9F-A649-DC7C2088B84E}
	EndGlobalSection
EndGlobal
