
Microsoft Visual Studio Solution File, Format Version 12.00
# Visual Studio Version 16
VisualStudioVersion = 16.0.29905.134
MinimumVisualStudioVersion = 10.0.40219.1
Project("{FAE04EC0-301F-11D3-BF4B-00C04F79EFBC}") = "Csincsilla", "Csincsilla\Csincsilla.csproj", "{31827A2D-0AE4-4697-B43A-B4C68C411A41}"
EndProject
Global
	GlobalSection(SolutionConfigurationPlatforms) = preSolution
		Debug|Any CPU = Debug|Any CPU
		Release|Any CPU = Release|Any CPU
	EndGlobalSection
	GlobalSection(ProjectConfigurationPlatforms) = postSolution
		{31827A2D-0AE4-4697-B43A-B4C68C411A41}.Debug|Any CPU.ActiveCfg = Debug|Any CPU
		{31827A2D-0AE4-4697-B43A-B4C68C411A41}.Debug|Any CPU.Build.0 = Debug|Any CPU
		{31827A2D-0AE4-4697-B43A-B4C68C411A41}.Release|Any CPU.ActiveCfg = Release|Any CPU
		{31827A2D-0AE4-4697-B43A-B4C68C411A41}.Release|Any CPU.Build.0 = Release|Any CPU
	EndGlobalSection
	GlobalSection(SolutionProperties) = preSolution
		HideSolutionNode = FALSE
	EndGlobalSection
	GlobalSection(ExtensibilityGlobals) = postSolution
		SolutionGuid = {319ADC34-91B9-4792-BC03-DDBFDC696D02}
	EndGlobalSection
EndGlobal
