
Microsoft Visual Studio Solution File, Format Version 12.00
# Visual Studio Express 2013 for Windows Desktop
VisualStudioVersion = 12.0.21005.1
MinimumVisualStudioVersion = 10.0.40219.1
Project("{FAE04EC0-301F-11D3-BF4B-00C04F79EFBC}") = "negyedikora", "negyedikora\negyedikora.csproj", "{EBCF01AC-5052-4BAC-9E22-82F61A882FA7}"
EndProject
Global
	GlobalSection(SolutionConfigurationPlatforms) = preSolution
		Debug|Any CPU = Debug|Any CPU
		Release|Any CPU = Release|Any CPU
	EndGlobalSection
	GlobalSection(ProjectConfigurationPlatforms) = postSolution
		{EBCF01AC-5052-4BAC-9E22-82F61A882FA7}.Debug|Any CPU.ActiveCfg = Debug|Any CPU
		{EBCF01AC-5052-4BAC-9E22-82F61A882FA7}.Debug|Any CPU.Build.0 = Debug|Any CPU
		{EBCF01AC-5052-4BAC-9E22-82F61A882FA7}.Release|Any CPU.ActiveCfg = Release|Any CPU
		{EBCF01AC-5052-4BAC-9E22-82F61A882FA7}.Release|Any CPU.Build.0 = Release|Any CPU
	EndGlobalSection
	GlobalSection(SolutionProperties) = preSolution
		HideSolutionNode = FALSE
	EndGlobalSection
EndGlobal
