
Microsoft Visual Studio Solution File, Format Version 12.00
# Visual Studio Version 16
VisualStudioVersion = 16.0.30517.126
MinimumVisualStudioVersion = 10.0.40219.1
Project("{FAE04EC0-301F-11D3-BF4B-00C04F79EFBC}") = "Buzatermes", "Buzatermes\Buzatermes.csproj", "{6CFCE0CF-4E6C-4409-9476-BEC518C0C4AB}"
EndProject
Global
	GlobalSection(SolutionConfigurationPlatforms) = preSolution
		Debug|Any CPU = Debug|Any CPU
		Release|Any CPU = Release|Any CPU
	EndGlobalSection
	GlobalSection(ProjectConfigurationPlatforms) = postSolution
		{6CFCE0CF-4E6C-4409-9476-BEC518C0C4AB}.Debug|Any CPU.ActiveCfg = Debug|Any CPU
		{6CFCE0CF-4E6C-4409-9476-BEC518C0C4AB}.Debug|Any CPU.Build.0 = Debug|Any CPU
		{6CFCE0CF-4E6C-4409-9476-BEC518C0C4AB}.Release|Any CPU.ActiveCfg = Release|Any CPU
		{6CFCE0CF-4E6C-4409-9476-BEC518C0C4AB}.Release|Any CPU.Build.0 = Release|Any CPU
	EndGlobalSection
	GlobalSection(SolutionProperties) = preSolution
		HideSolutionNode = FALSE
	EndGlobalSection
	GlobalSection(ExtensibilityGlobals) = postSolution
		SolutionGuid = {39738494-D9B6-423D-B600-E868F0E38473}
	EndGlobalSection
EndGlobal
