
Microsoft Visual Studio Solution File, Format Version 12.00
# Visual Studio Version 16
VisualStudioVersion = 16.0.29905.134
MinimumVisualStudioVersion = 10.0.40219.1
Project("{FAE04EC0-301F-11D3-BF4B-00C04F79EFBC}") = "ackiado", "ackiado\ackiado.csproj", "{A1BEA0A9-0BD8-4BBC-AFC0-3D636E2ECA47}"
EndProject
Global
	GlobalSection(SolutionConfigurationPlatforms) = preSolution
		Debug|Any CPU = Debug|Any CPU
		Release|Any CPU = Release|Any CPU
	EndGlobalSection
	GlobalSection(ProjectConfigurationPlatforms) = postSolution
		{A1BEA0A9-0BD8-4BBC-AFC0-3D636E2ECA47}.Debug|Any CPU.ActiveCfg = Debug|Any CPU
		{A1BEA0A9-0BD8-4BBC-AFC0-3D636E2ECA47}.Debug|Any CPU.Build.0 = Debug|Any CPU
		{A1BEA0A9-0BD8-4BBC-AFC0-3D636E2ECA47}.Release|Any CPU.ActiveCfg = Release|Any CPU
		{A1BEA0A9-0BD8-4BBC-AFC0-3D636E2ECA47}.Release|Any CPU.Build.0 = Release|Any CPU
	EndGlobalSection
	GlobalSection(SolutionProperties) = preSolution
		HideSolutionNode = FALSE
	EndGlobalSection
	GlobalSection(ExtensibilityGlobals) = postSolution
		SolutionGuid = {CACB51FD-2B00-4FB3-9994-D04FB83439AB}
	EndGlobalSection
EndGlobal
