
Microsoft Visual Studio Solution File, Format Version 12.00
# Visual Studio Version 16
VisualStudioVersion = 16.0.29905.134
MinimumVisualStudioVersion = 10.0.40219.1
Project("{FAE04EC0-301F-11D3-BF4B-00C04F79EFBC}") = "oscargui", "oscargui\oscargui.csproj", "{B6F35759-2E5F-45FB-9C98-A3F452C486CD}"
EndProject
Global
	GlobalSection(SolutionConfigurationPlatforms) = preSolution
		Debug|Any CPU = Debug|Any CPU
		Release|Any CPU = Release|Any CPU
	EndGlobalSection
	GlobalSection(ProjectConfigurationPlatforms) = postSolution
		{B6F35759-2E5F-45FB-9C98-A3F452C486CD}.Debug|Any CPU.ActiveCfg = Debug|Any CPU
		{B6F35759-2E5F-45FB-9C98-A3F452C486CD}.Debug|Any CPU.Build.0 = Debug|Any CPU
		{B6F35759-2E5F-45FB-9C98-A3F452C486CD}.Release|Any CPU.ActiveCfg = Release|Any CPU
		{B6F35759-2E5F-45FB-9C98-A3F452C486CD}.Release|Any CPU.Build.0 = Release|Any CPU
	EndGlobalSection
	GlobalSection(SolutionProperties) = preSolution
		HideSolutionNode = FALSE
	EndGlobalSection
	GlobalSection(ExtensibilityGlobals) = postSolution
		SolutionGuid = {13303A19-5EB9-49E2-813D-599B0DABC7A9}
	EndGlobalSection
EndGlobal
