
Microsoft Visual Studio Solution File, Format Version 12.00
# Visual Studio Version 16
VisualStudioVersion = 16.0.29920.165
MinimumVisualStudioVersion = 10.0.40219.1
Project("{FAE04EC0-301F-11D3-BF4B-00C04F79EFBC}") = "IskolaGUI", "IskolaGUI.csproj", "{D25AF6CB-BEFE-4137-B615-772752A34AFD}"
EndProject
Global
	GlobalSection(SolutionConfigurationPlatforms) = preSolution
		Debug|Any CPU = Debug|Any CPU
		Release|Any CPU = Release|Any CPU
	EndGlobalSection
	GlobalSection(ProjectConfigurationPlatforms) = postSolution
		{D25AF6CB-BEFE-4137-B615-772752A34AFD}.Debug|Any CPU.ActiveCfg = Debug|Any CPU
		{D25AF6CB-BEFE-4137-B615-772752A34AFD}.Debug|Any CPU.Build.0 = Debug|Any CPU
		{D25AF6CB-BEFE-4137-B615-772752A34AFD}.Release|Any CPU.ActiveCfg = Release|Any CPU
		{D25AF6CB-BEFE-4137-B615-772752A34AFD}.Release|Any CPU.Build.0 = Release|Any CPU
	EndGlobalSection
	GlobalSection(SolutionProperties) = preSolution
		HideSolutionNode = FALSE
	EndGlobalSection
	GlobalSection(ExtensibilityGlobals) = postSolution
		SolutionGuid = {5299395A-8D34-424A-8338-E717E740F51F}
	EndGlobalSection
EndGlobal
